# This file is automatically @generated by Cargo.
# It is not intended for manual editing.
version = 4

[[package]]
name = "any_ascii"
version = "0.3.3"
source = "registry+https://github.com/rust-lang/crates.io-index"
checksum = "90c6333e01ba7235575b6ab53e5af10f1c327927fd97c36462917e289557ea64"

[[package]]
name = "rslug"
version = "0.3.0"
dependencies = [
 "any_ascii",
]
